
Microsoft Visual Studio Solution File, Format Version 12.00
# Visual Studio Version 16
VisualStudioVersion = 16.0.30517.126
MinimumVisualStudioVersion = 10.0.40219.1
Project("{FAE04EC0-301F-11D3-BF4B-00C04F79EFBC}") = "ArmREST", "ArmREST\ArmREST.csproj", "{61466663-0ED9-4767-A9C2-DCB693564403}"
EndProject
Project("{FAE04EC0-301F-11D3-BF4B-00C04F79EFBC}") = "UnitTests", "UnitTests\UnitTests.csproj", "{66F1A1D6-1BC5-42AB-ACE7-FDF6DA6CF1F4}"
EndProject
Global
	GlobalSection(SolutionConfigurationPlatforms) = preSolution
		Debug|Any CPU = Debug|Any CPU
		Release|Any CPU = Release|Any CPU
	EndGlobalSection
	GlobalSection(ProjectConfigurationPlatforms) = postSolution
		{61466663-0ED9-4767-A9C2-DCB693564403}.Debug|Any CPU.ActiveCfg = Debug|Any CPU
		{61466663-0ED9-4767-A9C2-DCB693564403}.Debug|Any CPU.Build.0 = Debug|Any CPU
		{61466663-0ED9-4767-A9C2-DCB693564403}.Release|Any CPU.ActiveCfg = Release|Any CPU
		{61466663-0ED9-4767-A9C2-DCB693564403}.Release|Any CPU.Build.0 = Release|Any CPU
		{66F1A1D6-1BC5-42AB-ACE7-FDF6DA6CF1F4}.Debug|Any CPU.ActiveCfg = Debug|Any CPU
		{66F1A1D6-1BC5-42AB-ACE7-FDF6DA6CF1F4}.Debug|Any CPU.Build.0 = Debug|Any CPU
		{66F1A1D6-1BC5-42AB-ACE7-FDF6DA6CF1F4}.Release|Any CPU.ActiveCfg = Release|Any CPU
		{66F1A1D6-1BC5-42AB-ACE7-FDF6DA6CF1F4}.Release|Any CPU.Build.0 = Release|Any CPU
	EndGlobalSection
	GlobalSection(SolutionProperties) = preSolution
		HideSolutionNode = FALSE
	EndGlobalSection
	GlobalSection(ExtensibilityGlobals) = postSolution
		SolutionGuid = {590F6F20-877B-4462-9AF4-3E5C8F4413A0}
	EndGlobalSection
EndGlobal
